PODS:
  - Flutter (1.0.0)
  - flutter_pusher (1.0.3):
    - Flutter
    - PusherSwift (~> 8.0.0)
  - PusherSwift (8.0.0):
    - ReachabilitySwift (~> 5.0)
    - Starscream (~> 3.1)
  - ReachabilitySwift (5.0.0)
  - Starscream (3.1.1)

DEPENDENCIES:
  - Flutter (from `Flutter`)
  - flutter_pusher (from `.symlinks/plugins/flutter_pusher/ios`)

SPEC REPOS:
  trunk:
    - PusherSwift
    - ReachabilitySwift
    - Starscream

EXTERNAL SOURCES:
  Flutter:
    :path: Flutter
  flutter_pusher:
    :path: ".symlinks/plugins/flutter_pusher/ios"

SPEC CHECKSUMS:
  Flutter: 0e3d915762c693b495b44d77113d4970485de6ec
  flutter_pusher: 95948afd636c398c27878b6d9714fbc388eec32c
  PusherSwift: 8f18b7beaf383e0475607ab6a3f89f477637fb21
  ReachabilitySwift: 985039c6f7b23a1da463388634119492ff86c825
  Starscream: 4bb2f9942274833f7b4d296a55504dcfc7edb7b0

PODFILE CHECKSUM: 7368163408c647b7eb699d0d788ba6718e18fb8d

COCOAPODS: 1.10.1
